
Microsoft Visual Studio Solution File, Format Version 12.00
# Visual Studio Version 17
VisualStudioVersion = 17.14.36511.14 d17.14
MinimumVisualStudioVersion = 10.0.40219.1
Project("{FAE04EC0-301F-11D3-BF4B-00C04F79EFBC}") = "Task3", "Task3\Task3.csproj", "{A3762F78-8521-4C0C-B971-6BC6AB7809CF}"
EndProject
Global
	GlobalSection(SolutionConfigurationPlatforms) = preSolution
		Debug|Any CPU = Debug|Any CPU
		Release|Any CPU = Release|Any CPU
	EndGlobalSection
	GlobalSection(ProjectConfigurationPlatforms) = postSolution
		{A3762F78-8521-4C0C-B971-6BC6AB7809CF}.Debug|Any CPU.ActiveCfg = Debug|Any CPU
		{A3762F78-8521-4C0C-B971-6BC6AB7809CF}.Debug|Any CPU.Build.0 = Debug|Any CPU
		{A3762F78-8521-4C0C-B971-6BC6AB7809CF}.Release|Any CPU.ActiveCfg = Release|Any CPU
		{A3762F78-8521-4C0C-B971-6BC6AB7809CF}.Release|Any CPU.Build.0 = Release|Any CPU
	EndGlobalSection
	GlobalSection(SolutionProperties) = preSolution
		HideSolutionNode = FALSE
	EndGlobalSection
	GlobalSection(ExtensibilityGlobals) = postSolution
		SolutionGuid = {59770E2C-B375-40A8-ABDE-F90CA2D0BA81}
	EndGlobalSection
EndGlobal
