
Microsoft Visual Studio Solution File, Format Version 12.00
# Visual Studio Version 17
VisualStudioVersion = 17.14.36511.14 d17.14
MinimumVisualStudioVersion = 10.0.40219.1
Project("{FAE04EC0-301F-11D3-BF4B-00C04F79EFBC}") = "Task3", "Task3\Task3.csproj", "{911A7599-3421-4301-A08A-DB492DB942BB}"
EndProject
Global
	GlobalSection(SolutionConfigurationPlatforms) = preSolution
		Debug|Any CPU = Debug|Any CPU
		Release|Any CPU = Release|Any CPU
	EndGlobalSection
	GlobalSection(ProjectConfigurationPlatforms) = postSolution
		{911A7599-3421-4301-A08A-DB492DB942BB}.Debug|Any CPU.ActiveCfg = Debug|Any CPU
		{911A7599-3421-4301-A08A-DB492DB942BB}.Debug|Any CPU.Build.0 = Debug|Any CPU
		{911A7599-3421-4301-A08A-DB492DB942BB}.Release|Any CPU.ActiveCfg = Release|Any CPU
		{911A7599-3421-4301-A08A-DB492DB942BB}.Release|Any CPU.Build.0 = Release|Any CPU
	EndGlobalSection
	GlobalSection(SolutionProperties) = preSolution
		HideSolutionNode = FALSE
	EndGlobalSection
	GlobalSection(ExtensibilityGlobals) = postSolution
		SolutionGuid = {4C93BF05-75F5-4986-91EC-96DF31CB6918}
	EndGlobalSection
EndGlobal
