
Microsoft Visual Studio Solution File, Format Version 12.00
# Visual Studio Version 17
VisualStudioVersion = 17.14.36511.14 d17.14
MinimumVisualStudioVersion = 10.0.40219.1
Project("{FAE04EC0-301F-11D3-BF4B-00C04F79EFBC}") = "Task3", "Task3\Task3.csproj", "{13EB495F-959E-4EAB-9479-DBED389EC190}"
EndProject
Global
	GlobalSection(SolutionConfigurationPlatforms) = preSolution
		Debug|Any CPU = Debug|Any CPU
		Release|Any CPU = Release|Any CPU
	EndGlobalSection
	GlobalSection(ProjectConfigurationPlatforms) = postSolution
		{13EB495F-959E-4EAB-9479-DBED389EC190}.Debug|Any CPU.ActiveCfg = Debug|Any CPU
		{13EB495F-959E-4EAB-9479-DBED389EC190}.Debug|Any CPU.Build.0 = Debug|Any CPU
		{13EB495F-959E-4EAB-9479-DBED389EC190}.Release|Any CPU.ActiveCfg = Release|Any CPU
		{13EB495F-959E-4EAB-9479-DBED389EC190}.Release|Any CPU.Build.0 = Release|Any CPU
	EndGlobalSection
	GlobalSection(SolutionProperties) = preSolution
		HideSolutionNode = FALSE
	EndGlobalSection
	GlobalSection(ExtensibilityGlobals) = postSolution
		SolutionGuid = {821E7C34-BED4-4B23-86A1-390EE29F48D4}
	EndGlobalSection
EndGlobal
