
Microsoft Visual Studio Solution File, Format Version 12.00
# Visual Studio Version 17
VisualStudioVersion = 17.14.36511.14 d17.14
MinimumVisualStudioVersion = 10.0.40219.1
Project("{FAE04EC0-301F-11D3-BF4B-00C04F79EFBC}") = "Task 2.3", "Task 2.3\Task 2.3.csproj", "{4DE52512-C975-4365-B4CD-E8381C31AA2A}"
EndProject
Global
	GlobalSection(SolutionConfigurationPlatforms) = preSolution
		Debug|Any CPU = Debug|Any CPU
		Release|Any CPU = Release|Any CPU
	EndGlobalSection
	GlobalSection(ProjectConfigurationPlatforms) = postSolution
		{4DE52512-C975-4365-B4CD-E8381C31AA2A}.Debug|Any CPU.ActiveCfg = Debug|Any CPU
		{4DE52512-C975-4365-B4CD-E8381C31AA2A}.Debug|Any CPU.Build.0 = Debug|Any CPU
		{4DE52512-C975-4365-B4CD-E8381C31AA2A}.Release|Any CPU.ActiveCfg = Release|Any CPU
		{4DE52512-C975-4365-B4CD-E8381C31AA2A}.Release|Any CPU.Build.0 = Release|Any CPU
	EndGlobalSection
	GlobalSection(SolutionProperties) = preSolution
		HideSolutionNode = FALSE
	EndGlobalSection
	GlobalSection(ExtensibilityGlobals) = postSolution
		SolutionGuid = {6B59EE16-DACE-4FDE-A052-D7799DE7A5A7}
	EndGlobalSection
EndGlobal
